
Microsoft Visual Studio Solution File, Format Version 12.00
# Visual Studio Version 16
VisualStudioVersion = 16.0.30204.135
MinimumVisualStudioVersion = 10.0.40219.1
Project("{FAE04EC0-301F-11D3-BF4B-00C04F79EFBC}") = "DesignPatterns", "DesignPatterns\DesignPatterns.csproj", "{7E837736-DD09-43D2-AD43-D87BEA6E0100}"
EndProject
Global
	GlobalSection(SolutionConfigurationPlatforms) = preSolution
		Debug|Any CPU = Debug|Any CPU
		Release|Any CPU = Release|Any CPU
	EndGlobalSection
	GlobalSection(ProjectConfigurationPlatforms) = postSolution
		{7E837736-DD09-43D2-AD43-D87BEA6E0100}.Debug|Any CPU.ActiveCfg = Debug|Any CPU
		{7E837736-DD09-43D2-AD43-D87BEA6E0100}.Debug|Any CPU.Build.0 = Debug|Any CPU
		{7E837736-DD09-43D2-AD43-D87BEA6E0100}.Release|Any CPU.ActiveCfg = Release|Any CPU
		{7E837736-DD09-43D2-AD43-D87BEA6E0100}.Release|Any CPU.Build.0 = Release|Any CPU
	EndGlobalSection
	GlobalSection(SolutionProperties) = preSolution
		HideSolutionNode = FALSE
	EndGlobalSection
	GlobalSection(ExtensibilityGlobals) = postSolution
		SolutionGuid = {5C3F7248-EB6D-464C-B74C-8D2C97141C86}
	EndGlobalSection
EndGlobal
